
Microsoft Visual Studio Solution File, Format Version 12.00
# Visual Studio 15
VisualStudioVersion = 15.0.28307.106
MinimumVisualStudioVersion = 10.0.40219.1
Project("{9A19103F-16F7-4668-BE54-9A1E7A4F7556}") = "HZDT.ConsoleApp", "HZDT.ConsoleApp\HZDT.ConsoleApp.csproj", "{5C0CFF88-DAF2-42C7-B018-CB935C6CD015}"
EndProject
Project("{2150E333-8FDC-42A3-9474-1A3956D46DE8}") = "UI", "UI", "{71591A74-EF7A-4BAC-9551-4F22DCD1A365}"
EndProject
Project("{9A19103F-16F7-4668-BE54-9A1E7A4F7556}") = "HZDT.WebApi", "HZDT.WebApi\HZDT.WebApi.csproj", "{A943A311-9ED5-42D9-B171-F7BDF0FA9CA2}"
EndProject
Project("{2150E333-8FDC-42A3-9474-1A3956D46DE8}") = "Application", "Application", "{FF1A38E0-CC13-4F9D-B913-2ABFB3C3CC76}"
EndProject
Project("{2150E333-8FDC-42A3-9474-1A3956D46DE8}") = "Dmian", "Dmian", "{E20AC541-1B1B-4476-ADCB-69EC089175CF}"
EndProject
Project("{2150E333-8FDC-42A3-9474-1A3956D46DE8}") = "Infrastructure", "Infrastructure", "{327F42F6-47A9-4111-8864-F067FE6D2ABE}"
EndProject
Project("{9A19103F-16F7-4668-BE54-9A1E7A4F7556}") = "HZDT.Domain", "HZDT.Domain\HZDT.Domain.csproj", "{230858C6-8D39-43CE-A083-BFE3FC234989}"
EndProject
Project("{9A19103F-16F7-4668-BE54-9A1E7A4F7556}") = "HZDT.Infrastructure", "HZDT.Infrastructure\HZDT.Infrastructure.csproj", "{50C8F868-18AD-42CF-B58F-3D7B3A2A4FAD}"
EndProject
Project("{9A19103F-16F7-4668-BE54-9A1E7A4F7556}") = "HZDT.Application", "HZDT.Application\HZDT.Application.csproj", "{64752C50-247E-43F0-BAE2-292669B2B6D8}"
EndProject
Project("{9A19103F-16F7-4668-BE54-9A1E7A4F7556}") = "HZDT.Application.DTO", "HZDT.Application.DTO\HZDT.Application.DTO.csproj", "{44B96F55-F9DB-492A-84AA-4DF88DCA42A2}"
EndProject
Project("{9A19103F-16F7-4668-BE54-9A1E7A4F7556}") = "HZDT.Application.Interface", "HZDT.Application.Interface\HZDT.Application.Interface.csproj", "{2020FEB6-CB35-40AB-B95C-AC5B05C65A7B}"
EndProject
Project("{9A19103F-16F7-4668-BE54-9A1E7A4F7556}") = "HZDT.Application.Service", "HZDT.Application.Service\HZDT.Application.Service.csproj", "{65E3ED9E-C1C5-42D4-9DB0-98F84F42181D}"
EndProject
Project("{9A19103F-16F7-4668-BE54-9A1E7A4F7556}") = "HZDT.Damin.ValueObject", "HZDT.Damin.ValueObject\HZDT.Damin.ValueObject.csproj", "{00390C5D-3241-4517-A62C-FC5554EACC4E}"
EndProject
Project("{9A19103F-16F7-4668-BE54-9A1E7A4F7556}") = "HZDT.Respository.Interface", "HZDT.Respository.Interface\HZDT.Respository.Interface.csproj", "{A6B34F39-A5E5-465E-88E4-701CC0DD9046}"
EndProject
Project("{9A19103F-16F7-4668-BE54-9A1E7A4F7556}") = "HZDT.Damin.DomainService", "HZDT.Damin.DaomainService\HZDT.Damin.DomainService.csproj", "{038D142F-3602-48F3-BEF5-FD39F9BA28B3}"
EndProject
Project("{9A19103F-16F7-4668-BE54-9A1E7A4F7556}") = "HZDT.Damin.DomainEvent", "HZDT.Damin.DomainEvent\HZDT.Damin.DomainEvent.csproj", "{395FA34D-037D-46FC-9733-29894A958145}"
EndProject
Project("{9A19103F-16F7-4668-BE54-9A1E7A4F7556}") = "HZDT.Repository.Service", "HZDT.Repository.Service\HZDT.Repository.Service.csproj", "{9EF99618-F99B-4F42-98A4-99EC2D0051CD}"
EndProject
Project("{FAE04EC0-301F-11D3-BF4B-00C04F79EFBC}") = "HZDT.Domain.Model", "HZDT.Domain.Model\HZDT.Domain.Model.csproj", "{270F77D4-EDC9-4C5D-BF6A-89E875352AC8}"
EndProject
Global
	GlobalSection(SolutionConfigurationPlatforms) = preSolution
		Debug|Any CPU = Debug|Any CPU
		Release|Any CPU = Release|Any CPU
	EndGlobalSection
	GlobalSection(ProjectConfigurationPlatforms) = postSolution
		{5C0CFF88-DAF2-42C7-B018-CB935C6CD015}.Debug|Any CPU.ActiveCfg = Debug|Any CPU
		{5C0CFF88-DAF2-42C7-B018-CB935C6CD015}.Debug|Any CPU.Build.0 = Debug|Any CPU
		{5C0CFF88-DAF2-42C7-B018-CB935C6CD015}.Release|Any CPU.ActiveCfg = Release|Any CPU
		{5C0CFF88-DAF2-42C7-B018-CB935C6CD015}.Release|Any CPU.Build.0 = Release|Any CPU
		{A943A311-9ED5-42D9-B171-F7BDF0FA9CA2}.Debug|Any CPU.ActiveCfg = Debug|Any CPU
		{A943A311-9ED5-42D9-B171-F7BDF0FA9CA2}.Debug|Any CPU.Build.0 = Debug|Any CPU
		{A943A311-9ED5-42D9-B171-F7BDF0FA9CA2}.Release|Any CPU.ActiveCfg = Release|Any CPU
		{A943A311-9ED5-42D9-B171-F7BDF0FA9CA2}.Release|Any CPU.Build.0 = Release|Any CPU
		{230858C6-8D39-43CE-A083-BFE3FC234989}.Debug|Any CPU.ActiveCfg = Debug|Any CPU
		{230858C6-8D39-43CE-A083-BFE3FC234989}.Debug|Any CPU.Build.0 = Debug|Any CPU
		{230858C6-8D39-43CE-A083-BFE3FC234989}.Release|Any CPU.ActiveCfg = Release|Any CPU
		{230858C6-8D39-43CE-A083-BFE3FC234989}.Release|Any CPU.Build.0 = Release|Any CPU
		{50C8F868-18AD-42CF-B58F-3D7B3A2A4FAD}.Debug|Any CPU.ActiveCfg = Debug|Any CPU
		{50C8F868-18AD-42CF-B58F-3D7B3A2A4FAD}.Debug|Any CPU.Build.0 = Debug|Any CPU
		{50C8F868-18AD-42CF-B58F-3D7B3A2A4FAD}.Release|Any CPU.ActiveCfg = Release|Any CPU
		{50C8F868-18AD-42CF-B58F-3D7B3A2A4FAD}.Release|Any CPU.Build.0 = Release|Any CPU
		{64752C50-247E-43F0-BAE2-292669B2B6D8}.Debug|Any CPU.ActiveCfg = Debug|Any CPU
		{64752C50-247E-43F0-BAE2-292669B2B6D8}.Debug|Any CPU.Build.0 = Debug|Any CPU
		{64752C50-247E-43F0-BAE2-292669B2B6D8}.Release|Any CPU.ActiveCfg = Release|Any CPU
		{64752C50-247E-43F0-BAE2-292669B2B6D8}.Release|Any CPU.Build.0 = Release|Any CPU
		{44B96F55-F9DB-492A-84AA-4DF88DCA42A2}.Debug|Any CPU.ActiveCfg = Debug|Any CPU
		{44B96F55-F9DB-492A-84AA-4DF88DCA42A2}.Debug|Any CPU.Build.0 = Debug|Any CPU
		{44B96F55-F9DB-492A-84AA-4DF88DCA42A2}.Release|Any CPU.ActiveCfg = Release|Any CPU
		{44B96F55-F9DB-492A-84AA-4DF88DCA42A2}.Release|Any CPU.Build.0 = Release|Any CPU
		{2020FEB6-CB35-40AB-B95C-AC5B05C65A7B}.Debug|Any CPU.ActiveCfg = Debug|Any CPU
		{2020FEB6-CB35-40AB-B95C-AC5B05C65A7B}.Debug|Any CPU.Build.0 = Debug|Any CPU
		{2020FEB6-CB35-40AB-B95C-AC5B05C65A7B}.Release|Any CPU.ActiveCfg = Release|Any CPU
		{2020FEB6-CB35-40AB-B95C-AC5B05C65A7B}.Release|Any CPU.Build.0 = Release|Any CPU
		{65E3ED9E-C1C5-42D4-9DB0-98F84F42181D}.Debug|Any CPU.ActiveCfg = Debug|Any CPU
		{65E3ED9E-C1C5-42D4-9DB0-98F84F42181D}.Debug|Any CPU.Build.0 = Debug|Any CPU
		{65E3ED9E-C1C5-42D4-9DB0-98F84F42181D}.Release|Any CPU.ActiveCfg = Release|Any CPU
		{65E3ED9E-C1C5-42D4-9DB0-98F84F42181D}.Release|Any CPU.Build.0 = Release|Any CPU
		{00390C5D-3241-4517-A62C-FC5554EACC4E}.Debug|Any CPU.ActiveCfg = Debug|Any CPU
		{00390C5D-3241-4517-A62C-FC5554EACC4E}.Debug|Any CPU.Build.0 = Debug|Any CPU
		{00390C5D-3241-4517-A62C-FC5554EACC4E}.Release|Any CPU.ActiveCfg = Release|Any CPU
		{00390C5D-3241-4517-A62C-FC5554EACC4E}.Release|Any CPU.Build.0 = Release|Any CPU
		{A6B34F39-A5E5-465E-88E4-701CC0DD9046}.Debug|Any CPU.ActiveCfg = Debug|Any CPU
		{A6B34F39-A5E5-465E-88E4-701CC0DD9046}.Debug|Any CPU.Build.0 = Debug|Any CPU
		{A6B34F39-A5E5-465E-88E4-701CC0DD9046}.Release|Any CPU.ActiveCfg = Release|Any CPU
		{A6B34F39-A5E5-465E-88E4-701CC0DD9046}.Release|Any CPU.Build.0 = Release|Any CPU
		{038D142F-3602-48F3-BEF5-FD39F9BA28B3}.Debug|Any CPU.ActiveCfg = Debug|Any CPU
		{038D142F-3602-48F3-BEF5-FD39F9BA28B3}.Debug|Any CPU.Build.0 = Debug|Any CPU
		{038D142F-3602-48F3-BEF5-FD39F9BA28B3}.Release|Any CPU.ActiveCfg = Release|Any CPU
		{038D142F-3602-48F3-BEF5-FD39F9BA28B3}.Release|Any CPU.Build.0 = Release|Any CPU
		{395FA34D-037D-46FC-9733-29894A958145}.Debug|Any CPU.ActiveCfg = Debug|Any CPU
		{395FA34D-037D-46FC-9733-29894A958145}.Debug|Any CPU.Build.0 = Debug|Any CPU
		{395FA34D-037D-46FC-9733-29894A958145}.Release|Any CPU.ActiveCfg = Release|Any CPU
		{395FA34D-037D-46FC-9733-29894A958145}.Release|Any CPU.Build.0 = Release|Any CPU
		{9EF99618-F99B-4F42-98A4-99EC2D0051CD}.Debug|Any CPU.ActiveCfg = Debug|Any CPU
		{9EF99618-F99B-4F42-98A4-99EC2D0051CD}.Debug|Any CPU.Build.0 = Debug|Any CPU
		{9EF99618-F99B-4F42-98A4-99EC2D0051CD}.Release|Any CPU.ActiveCfg = Release|Any CPU
		{9EF99618-F99B-4F42-98A4-99EC2D0051CD}.Release|Any CPU.Build.0 = Release|Any CPU
		{270F77D4-EDC9-4C5D-BF6A-89E875352AC8}.Debug|Any CPU.ActiveCfg = Debug|Any CPU
		{270F77D4-EDC9-4C5D-BF6A-89E875352AC8}.Debug|Any CPU.Build.0 = Debug|Any CPU
		{270F77D4-EDC9-4C5D-BF6A-89E875352AC8}.Release|Any CPU.ActiveCfg = Release|Any CPU
		{270F77D4-EDC9-4C5D-BF6A-89E875352AC8}.Release|Any CPU.Build.0 = Release|Any CPU
	EndGlobalSection
	GlobalSection(SolutionProperties) = preSolution
		HideSolutionNode = FALSE
	EndGlobalSection
	GlobalSection(NestedProjects) = preSolution
		{5C0CFF88-DAF2-42C7-B018-CB935C6CD015} = {71591A74-EF7A-4BAC-9551-4F22DCD1A365}
		{A943A311-9ED5-42D9-B171-F7BDF0FA9CA2} = {71591A74-EF7A-4BAC-9551-4F22DCD1A365}
		{230858C6-8D39-43CE-A083-BFE3FC234989} = {E20AC541-1B1B-4476-ADCB-69EC089175CF}
		{50C8F868-18AD-42CF-B58F-3D7B3A2A4FAD} = {327F42F6-47A9-4111-8864-F067FE6D2ABE}
		{64752C50-247E-43F0-BAE2-292669B2B6D8} = {FF1A38E0-CC13-4F9D-B913-2ABFB3C3CC76}
		{44B96F55-F9DB-492A-84AA-4DF88DCA42A2} = {FF1A38E0-CC13-4F9D-B913-2ABFB3C3CC76}
		{2020FEB6-CB35-40AB-B95C-AC5B05C65A7B} = {FF1A38E0-CC13-4F9D-B913-2ABFB3C3CC76}
		{65E3ED9E-C1C5-42D4-9DB0-98F84F42181D} = {FF1A38E0-CC13-4F9D-B913-2ABFB3C3CC76}
		{00390C5D-3241-4517-A62C-FC5554EACC4E} = {E20AC541-1B1B-4476-ADCB-69EC089175CF}
		{A6B34F39-A5E5-465E-88E4-701CC0DD9046} = {E20AC541-1B1B-4476-ADCB-69EC089175CF}
		{038D142F-3602-48F3-BEF5-FD39F9BA28B3} = {E20AC541-1B1B-4476-ADCB-69EC089175CF}
		{395FA34D-037D-46FC-9733-29894A958145} = {E20AC541-1B1B-4476-ADCB-69EC089175CF}
		{9EF99618-F99B-4F42-98A4-99EC2D0051CD} = {327F42F6-47A9-4111-8864-F067FE6D2ABE}
		{270F77D4-EDC9-4C5D-BF6A-89E875352AC8} = {E20AC541-1B1B-4476-ADCB-69EC089175CF}
	EndGlobalSection
	GlobalSection(ExtensibilityGlobals) = postSolution
		SolutionGuid = {6D101017-AC7D-40F4-B5AE-F34EA27F8489}
	EndGlobalSection
EndGlobal
